// !$*UTF8*$!
{
	archiveVersion = 1;
	classes = {
	};
	objectVersion = 46;
	objects = {

/* Begin PBXBuildFile section */
		0D0F70C21B9D989D000A53B5 /* Picture7ViewController.m in Sources */ = {isa = PBXBuildFile; fileRef = 0D0F70C11B9D989D000A53B5 /* Picture7ViewController.m */; };
		0D0F70C51B9D98AD000A53B5 /* Picture8ViewController.m in Sources */ = {isa = PBXBuildFile; fileRef = 0D0F70C41B9D98AD000A53B5 /* Picture8ViewController.m */; };
		0D0F70C81B9DA8C2000A53B5 /* SlideViewController2.m in Sources */ = {isa = PBXBuildFile; fileRef = 0D0F70C71B9DA8C2000A53B5 /* SlideViewController2.m */; };
		0D0F70CB1B9DAACE000A53B5 /* SlideViewController3.m in Sources */ = {isa = PBXBuildFile; fileRef = 0D0F70CA1B9DAACE000A53B5 /* SlideViewController3.m */; };
		0D0F70CD1B9EDA76000A53B5 /* slide.wav in Resources */ = {isa = PBXBuildFile; fileRef = 0D0F70CC1B9EDA76000A53B5 /* slide.wav */; };
		0D0F70D11B9FDD6F000A53B5 /* drop3.wav in Resources */ = {isa = PBXBuildFile; fileRef = 0D0F70CE1B9FDD6F000A53B5 /* drop3.wav */; };
		0D0F70D21B9FDD6F000A53B5 /* drop6.wav in Resources */ = {isa = PBXBuildFile; fileRef = 0D0F70CF1B9FDD6F000A53B5 /* drop6.wav */; };
		0D0F70D31B9FDD6F000A53B5 /* drop9.wav in Resources */ = {isa = PBXBuildFile; fileRef = 0D0F70D01B9FDD6F000A53B5 /* drop9.wav */; };
		0D28F1AF1B943AC200A2ED62 /* ClickButton.m in Sources */ = {isa = PBXBuildFile; fileRef = 0D28F1AE1B943AC200A2ED62 /* ClickButton.m */; };
		0D28F1B21B94486600A2ED62 /* Picture2ViewController.m in Sources */ = {isa = PBXBuildFile; fileRef = 0D28F1B11B94486600A2ED62 /* Picture2ViewController.m */; };
		0D28F1B51B944D6100A2ED62 /* Picture3ViewController.m in Sources */ = {isa = PBXBuildFile; fileRef = 0D28F1B41B944D6100A2ED62 /* Picture3ViewController.m */; };
		0D28F1B81B944D7400A2ED62 /* Picture4ViewController.m in Sources */ = {isa = PBXBuildFile; fileRef = 0D28F1B71B944D7400A2ED62 /* Picture4ViewController.m */; };
		0D28F1BB1B944D8900A2ED62 /* Picture6ViewController.m in Sources */ = {isa = PBXBuildFile; fileRef = 0D28F1BA1B944D8900A2ED62 /* Picture6ViewController.m */; };
		0D28F1BE1B9550F600A2ED62 /* SlideViewController.m in Sources */ = {isa = PBXBuildFile; fileRef = 0D28F1BD1B9550F600A2ED62 /* SlideViewController.m */; };
		0D28F1C11B95A81900A2ED62 /* Picture1ViewController.m in Sources */ = {isa = PBXBuildFile; fileRef = 0D28F1C01B95A81900A2ED62 /* Picture1ViewController.m */; };
		0D872E7C1B97D924004779BC /* Picture5ViewController.m in Sources */ = {isa = PBXBuildFile; fileRef = 0D872E7B1B97D924004779BC /* Picture5ViewController.m */; };
		0D872E821B981A0E004779BC /* AVFoundation.framework in Frameworks */ = {isa = PBXBuildFile; fileRef = 0D872E811B981A0E004779BC /* AVFoundation.framework */; };
		0D872E861B9839F9004779BC /* drop.wav in Resources */ = {isa = PBXBuildFile; fileRef = 0D872E851B9839F9004779BC /* drop.wav */; };
		0DA413841B8D4D1000E78DC0 /* main.m in Sources */ = {isa = PBXBuildFile; fileRef = 0DA413831B8D4D1000E78DC0 /* main.m */; };
		0DA413871B8D4D1000E78DC0 /* AppDelegate.m in Sources */ = {isa = PBXBuildFile; fileRef = 0DA413861B8D4D1000E78DC0 /* AppDelegate.m */; };
		0DA4138A1B8D4D1000E78DC0 /* ViewController.m in Sources */ = {isa = PBXBuildFile; fileRef = 0DA413891B8D4D1000E78DC0 /* ViewController.m */; };
		0DA4138D1B8D4D1000E78DC0 /* Main.storyboard in Resources */ = {isa = PBXBuildFile; fileRef = 0DA4138B1B8D4D1000E78DC0 /* Main.storyboard */; };
		0DA4138F1B8D4D1000E78DC0 /* Images.xcassets in Resources */ = {isa = PBXBuildFile; fileRef = 0DA4138E1B8D4D1000E78DC0 /* Images.xcassets */; };
		0DA413921B8D4D1000E78DC0 /* LaunchScreen.xib in Resources */ = {isa = PBXBuildFile; fileRef = 0DA413901B8D4D1000E78DC0 /* LaunchScreen.xib */; };
		0DA414241B8D533000E78DC0 /* QBImagePicker.strings in Resources */ = {isa = PBXBuildFile; fileRef = 0DA414091B8D533000E78DC0 /* QBImagePicker.strings */; };
		0DA414251B8D533000E78DC0 /* Info.plist in Resources */ = {isa = PBXBuildFile; fileRef = 0DA4140D1B8D533000E78DC0 /* Info.plist */; };
		0DA414261B8D533000E78DC0 /* QBAlbumCell.m in Sources */ = {isa = PBXBuildFile; fileRef = 0DA414101B8D533000E78DC0 /* QBAlbumCell.m */; };
		0DA414271B8D533000E78DC0 /* QBAlbumsViewController.m in Sources */ = {isa = PBXBuildFile; fileRef = 0DA414121B8D533000E78DC0 /* QBAlbumsViewController.m */; };
		0DA414281B8D533000E78DC0 /* QBAssetCell.m in Sources */ = {isa = PBXBuildFile; fileRef = 0DA414141B8D533000E78DC0 /* QBAssetCell.m */; };
		0DA414291B8D533000E78DC0 /* QBAssetsViewController.m in Sources */ = {isa = PBXBuildFile; fileRef = 0DA414161B8D533000E78DC0 /* QBAssetsViewController.m */; };
		0DA4142A1B8D533000E78DC0 /* QBCheckmarkView.m in Sources */ = {isa = PBXBuildFile; fileRef = 0DA414181B8D533000E78DC0 /* QBCheckmarkView.m */; };
		0DA4142B1B8D533000E78DC0 /* QBImagePicker.storyboard in Resources */ = {isa = PBXBuildFile; fileRef = 0DA4141A1B8D533000E78DC0 /* QBImagePicker.storyboard */; };
		0DA4142C1B8D533000E78DC0 /* QBImagePickerController.m in Sources */ = {isa = PBXBuildFile; fileRef = 0DA4141C1B8D533000E78DC0 /* QBImagePickerController.m */; };
		0DA4142D1B8D533000E78DC0 /* QBSlomoIconView.m in Sources */ = {isa = PBXBuildFile; fileRef = 0DA4141E1B8D533000E78DC0 /* QBSlomoIconView.m */; };
		0DA4142E1B8D533000E78DC0 /* QBVideoIconView.m in Sources */ = {isa = PBXBuildFile; fileRef = 0DA414201B8D533000E78DC0 /* QBVideoIconView.m */; };
		0DA4142F1B8D533000E78DC0 /* QBVideoIndicatorView.m in Sources */ = {isa = PBXBuildFile; fileRef = 0DA414221B8D533000E78DC0 /* QBVideoIndicatorView.m */; };
		0DB9DCFB1B9186EC0062D53E /* PictureManager.m in Sources */ = {isa = PBXBuildFile; fileRef = 0DB9DCFA1B9186EC0062D53E /* PictureManager.m */; };
		0DB9DCFE1B91BE0C0062D53E /* Picture21ViewController.m in Sources */ = {isa = PBXBuildFile; fileRef = 0DB9DCFD1B91BE0C0062D53E /* Picture21ViewController.m */; };
/* End PBXBuildFile section */

/* Begin PBXFileReference section */
		0D0F70C01B9D989D000A53B5 /* Picture7ViewController.h */ = {isa = PBXFileReference; fileEncoding = 4; lastKnownFileType = sourcecode.c.h; path = Picture7ViewController.h; sourceTree = "<group>"; };
		0D0F70C11B9D989D000A53B5 /* Picture7ViewController.m */ = {isa = PBXFileReference; fileEncoding = 4; lastKnownFileType = sourcecode.c.objc; path = Picture7ViewController.m; sourceTree = "<group>"; };
		0D0F70C31B9D98AD000A53B5 /* Picture8ViewController.h */ = {isa = PBXFileReference; fileEncoding = 4; lastKnownFileType = sourcecode.c.h; path = Picture8ViewController.h; sourceTree = "<group>"; };
		0D0F70C41B9D98AD000A53B5 /* Picture8ViewController.m */ = {isa = PBXFileReference; fileEncoding = 4; lastKnownFileType = sourcecode.c.objc; path = Picture8ViewController.m; sourceTree = "<group>"; };
		0D0F70C61B9DA8C2000A53B5 /* SlideViewController2.h */ = {isa = PBXFileReference; fileEncoding = 4; lastKnownFileType = sourcecode.c.h; path = SlideViewController2.h; sourceTree = "<group>"; };
		0D0F70C71B9DA8C2000A53B5 /* SlideViewController2.m */ = {isa = PBXFileReference; fileEncoding = 4; lastKnownFileType = sourcecode.c.objc; path = SlideViewController2.m; sourceTree = "<group>"; };
		0D0F70C91B9DAACE000A53B5 /* SlideViewController3.h */ = {isa = PBXFileReference; fileEncoding = 4; lastKnownFileType = sourcecode.c.h; path = SlideViewController3.h; sourceTree = "<group>"; };
		0D0F70CA1B9DAACE000A53B5 /* SlideViewController3.m */ = {isa = PBXFileReference; fileEncoding = 4; lastKnownFileType = sourcecode.c.objc; path = SlideViewController3.m; sourceTree = "<group>"; };
		0D0F70CC1B9EDA76000A53B5 /* slide.wav */ = {isa = PBXFileReference; lastKnownFileType = audio.wav; path = slide.wav; sourceTree = "<group>"; };
		0D0F70CE1B9FDD6F000A53B5 /* drop3.wav */ = {isa = PBXFileReference; lastKnownFileType = audio.wav; path = drop3.wav; sourceTree = "<group>"; };
		0D0F70CF1B9FDD6F000A53B5 /* drop6.wav */ = {isa = PBXFileReference; lastKnownFileType = audio.wav; path = drop6.wav; sourceTree = "<group>"; };
		0D0F70D01B9FDD6F000A53B5 /* drop9.wav */ = {isa = PBXFileReference; lastKnownFileType = audio.wav; path = drop9.wav; sourceTree = "<group>"; };
		0D28F1AD1B943AC200A2ED62 /* ClickButton.h */ = {isa = PBXFileReference; fileEncoding = 4; lastKnownFileType = sourcecode.c.h; path = ClickButton.h; sourceTree = "<group>"; };
		0D28F1AE1B943AC200A2ED62 /* ClickButton.m */ = {isa = PBXFileReference; fileEncoding = 4; lastKnownFileType = sourcecode.c.objc; path = ClickButton.m; sourceTree = "<group>"; };
		0D28F1B01B94486600A2ED62 /* Picture2ViewController.h */ = {isa = PBXFileReference; fileEncoding = 4; lastKnownFileType = sourcecode.c.h; path = Picture2ViewController.h; sourceTree = "<group>"; };
		0D28F1B11B94486600A2ED62 /* Picture2ViewController.m */ = {isa = PBXFileReference; fileEncoding = 4; lastKnownFileType = sourcecode.c.objc; path = Picture2ViewController.m; sourceTree = "<group>"; };
		0D28F1B31B944D6100A2ED62 /* Picture3ViewController.h */ = {isa = PBXFileReference; fileEncoding = 4; lastKnownFileType = sourcecode.c.h; path = Picture3ViewController.h; sourceTree = "<group>"; };
		0D28F1B41B944D6100A2ED62 /* Picture3ViewController.m */ = {isa = PBXFileReference; fileEncoding = 4; lastKnownFileType = sourcecode.c.objc; path = Picture3ViewController.m; sourceTree = "<group>"; };
		0D28F1B61B944D7400A2ED62 /* Picture4ViewController.h */ = {isa = PBXFileReference; fileEncoding = 4; lastKnownFileType = sourcecode.c.h; path = Picture4ViewController.h; sourceTree = "<group>"; };
		0D28F1B71B944D7400A2ED62 /* Picture4ViewController.m */ = {isa = PBXFileReference; fileEncoding = 4; lastKnownFileType = sourcecode.c.objc; path = Picture4ViewController.m; sourceTree = "<group>"; };
		0D28F1B91B944D8900A2ED62 /* Picture6ViewController.h */ = {isa = PBXFileReference; fileEncoding = 4; lastKnownFileType = sourcecode.c.h; path = Picture6ViewController.h; sourceTree = "<group>"; };
		0D28F1BA1B944D8900A2ED62 /* Picture6ViewController.m */ = {isa = PBXFileReference; fileEncoding = 4; lastKnownFileType = sourcecode.c.objc; path = Picture6ViewController.m; sourceTree = "<group>"; };
		0D28F1BC1B9550F600A2ED62 /* SlideViewController.h */ = {isa = PBXFileReference; fileEncoding = 4; lastKnownFileType = sourcecode.c.h; path = SlideViewController.h; sourceTree = "<group>"; };
		0D28F1BD1B9550F600A2ED62 /* SlideViewController.m */ = {isa = PBXFileReference; fileEncoding = 4; lastKnownFileType = sourcecode.c.objc; path = SlideViewController.m; sourceTree = "<group>"; };
		0D28F1BF1B95A81900A2ED62 /* Picture1ViewController.h */ = {isa = PBXFileReference; fileEncoding = 4; lastKnownFileType = sourcecode.c.h; path = Picture1ViewController.h; sourceTree = "<group>"; };
		0D28F1C01B95A81900A2ED62 /* Picture1ViewController.m */ = {isa = PBXFileReference; fileEncoding = 4; lastKnownFileType = sourcecode.c.objc; path = Picture1ViewController.m; sourceTree = "<group>"; };
		0D872E7A1B97D924004779BC /* Picture5ViewController.h */ = {isa = PBXFileReference; fileEncoding = 4; lastKnownFileType = sourcecode.c.h; path = Picture5ViewController.h; sourceTree = "<group>"; };
		0D872E7B1B97D924004779BC /* Picture5ViewController.m */ = {isa = PBXFileReference; fileEncoding = 4; lastKnownFileType = sourcecode.c.objc; path = Picture5ViewController.m; sourceTree = "<group>"; };
		0D872E811B981A0E004779BC /* AVFoundation.framework */ = {isa = PBXFileReference; lastKnownFileType = wrapper.framework; name = AVFoundation.framework; path = System/Library/Frameworks/AVFoundation.framework; sourceTree = SDKROOT; };
		0D872E851B9839F9004779BC /* drop.wav */ = {isa = PBXFileReference; lastKnownFileType = audio.wav; path = drop.wav; sourceTree = "<group>"; };
		0DA4137E1B8D4D1000E78DC0 /* Picture21.app */ = {isa = PBXFileReference; explicitFileType = wrapper.application; includeInIndex = 0; path = Picture21.app; sourceTree = BUILT_PRODUCTS_DIR; };
		0DA413821B8D4D1000E78DC0 /* Info.plist */ = {isa = PBXFileReference; lastKnownFileType = text.plist.xml; path = Info.plist; sourceTree = "<group>"; };
		0DA413831B8D4D1000E78DC0 /* main.m */ = {isa = PBXFileReference; lastKnownFileType = sourcecode.c.objc; path = main.m; sourceTree = "<group>"; };
		0DA413851B8D4D1000E78DC0 /* AppDelegate.h */ = {isa = PBXFileReference; lastKnownFileType = sourcecode.c.h; path = AppDelegate.h; sourceTree = "<group>"; };
		0DA413861B8D4D1000E78DC0 /* AppDelegate.m */ = {isa = PBXFileReference; lastKnownFileType = sourcecode.c.objc; path = AppDelegate.m; sourceTree = "<group>"; };
		0DA413881B8D4D1000E78DC0 /* ViewController.h */ = {isa = PBXFileReference; lastKnownFileType = sourcecode.c.h; path = ViewController.h; sourceTree = "<group>"; };
		0DA413891B8D4D1000E78DC0 /* ViewController.m */ = {isa = PBXFileReference; lastKnownFileType = sourcecode.c.objc; path = ViewController.m; sourceTree = "<group>"; };
		0DA4138C1B8D4D1000E78DC0 /* Base */ = {isa = PBXFileReference; lastKnownFileType = file.storyboard; name = Base; path = Base.lproj/Main.storyboard; sourceTree = "<group>"; };
		0DA4138E1B8D4D1000E78DC0 /* Images.xcassets */ = {isa = PBXFileReference; lastKnownFileType = folder.assetcatalog; path = Images.xcassets; sourceTree = "<group>"; };
		0DA413911B8D4D1000E78DC0 /* Base */ = {isa = PBXFileReference; lastKnownFileType = file.xib; name = Base; path = Base.lproj/LaunchScreen.xib; sourceTree = "<group>"; };
		0DA4140A1B8D533000E78DC0 /* de */ = {isa = PBXFileReference; lastKnownFileType = text.plist.strings; name = de; path = de.lproj/QBImagePicker.strings; sourceTree = "<group>"; };
		0DA4140B1B8D533000E78DC0 /* en */ = {isa = PBXFileReference; lastKnownFileType = text.plist.strings; name = en; path = en.lproj/QBImagePicker.strings; sourceTree = "<group>"; };
		0DA4140C1B8D533000E78DC0 /* es */ = {isa = PBXFileReference; lastKnownFileType = text.plist.strings; name = es; path = es.lproj/QBImagePicker.strings; sourceTree = "<group>"; };
		0DA4140D1B8D533000E78DC0 /* Info.plist */ = {isa = PBXFileReference; fileEncoding = 4; lastKnownFileType = text.plist.xml; path = Info.plist; sourceTree = "<group>"; };
		0DA4140E1B8D533000E78DC0 /* ja */ = {isa = PBXFileReference; lastKnownFileType = text.plist.strings; name = ja; path = ja.lproj/QBImagePicker.strings; sourceTree = "<group>"; };
		0DA4140F1B8D533000E78DC0 /* QBAlbumCell.h */ = {isa = PBXFileReference; fileEncoding = 4; lastKnownFileType = sourcecode.c.h; path = QBAlbumCell.h; sourceTree = "<group>"; };
		0DA414101B8D533000E78DC0 /* QBAlbumCell.m */ = {isa = PBXFileReference; fileEncoding = 4; lastKnownFileType = sourcecode.c.objc; path = QBAlbumCell.m; sourceTree = "<group>"; };
		0DA414111B8D533000E78DC0 /* QBAlbumsViewController.h */ = {isa = PBXFileReference; fileEncoding = 4; lastKnownFileType = sourcecode.c.h; path = QBAlbumsViewController.h; sourceTree = "<group>"; };
		0DA414121B8D533000E78DC0 /* QBAlbumsViewController.m */ = {isa = PBXFileReference; fileEncoding = 4; lastKnownFileType = sourcecode.c.objc; path = QBAlbumsViewController.m; sourceTree = "<group>"; };
		0DA414131B8D533000E78DC0 /* QBAssetCell.h */ = {isa = PBXFileReference; fileEncoding = 4; lastKnownFileType = sourcecode.c.h; path = QBAssetCell.h; sourceTree = "<group>"; };
		0DA414141B8D533000E78DC0 /* QBAssetCell.m */ = {isa = PBXFileReference; fileEncoding = 4; lastKnownFileType = sourcecode.c.objc; path = QBAssetCell.m; sourceTree = "<group>"; };
		0DA414151B8D533000E78DC0 /* QBAssetsViewController.h */ = {isa = PBXFileReference; fileEncoding = 4; lastKnownFileType = sourcecode.c.h; path = QBAssetsViewController.h; sourceTree = "<group>"; };
		0DA414161B8D533000E78DC0 /* QBAssetsViewController.m */ = {isa = PBXFileReference; fileEncoding = 4; lastKnownFileType = sourcecode.c.objc; path = QBAssetsViewController.m; sourceTree = "<group>"; };
		0DA414171B8D533000E78DC0 /* QBCheckmarkView.h */ = {isa = PBXFileReference; fileEncoding = 4; lastKnownFileType = sourcecode.c.h; path = QBCheckmarkView.h; sourceTree = "<group>"; };
		0DA414181B8D533000E78DC0 /* QBCheckmarkView.m */ = {isa = PBXFileReference; fileEncoding = 4; lastKnownFileType = sourcecode.c.objc; path = QBCheckmarkView.m; sourceTree = "<group>"; };
		0DA414191B8D533000E78DC0 /* QBImagePicker.h */ = {isa = PBXFileReference; fileEncoding = 4; lastKnownFileType = sourcecode.c.h; path = QBImagePicker.h; sourceTree = "<group>"; };
		0DA4141A1B8D533000E78DC0 /* QBImagePicker.storyboard */ = {isa = PBXFileReference; fileEncoding = 4; lastKnownFileType = file.storyboard; path = QBImagePicker.storyboard; sourceTree = "<group>"; };
		0DA4141B1B8D533000E78DC0 /* QBImagePickerController.h */ = {isa = PBXFileReference; fileEncoding = 4; lastKnownFileType = sourcecode.c.h; path = QBImagePickerController.h; sourceTree = "<group>"; };
		0DA4141C1B8D533000E78DC0 /* QBImagePickerController.m */ = {isa = PBXFileReference; fileEncoding = 4; lastKnownFileType = sourcecode.c.objc; path = QBImagePickerController.m; sourceTree = "<group>"; };
		0DA4141D1B8D533000E78DC0 /* QBSlomoIconView.h */ = {isa = PBXFileReference; fileEncoding = 4; lastKnownFileType = sourcecode.c.h; path = QBSlomoIconView.h; sourceTree = "<group>"; };
		0DA4141E1B8D533000E78DC0 /* QBSlomoIconView.m */ = {isa = PBXFileReference; fileEncoding = 4; lastKnownFileType = sourcecode.c.objc; path = QBSlomoIconView.m; sourceTree = "<group>"; };
		0DA4141F1B8D533000E78DC0 /* QBVideoIconView.h */ = {isa = PBXFileReference; fileEncoding = 4; lastKnownFileType = sourcecode.c.h; path = QBVideoIconView.h; sourceTree = "<group>"; };
		0DA414201B8D533000E78DC0 /* QBVideoIconView.m */ = {isa = PBXFileReference; fileEncoding = 4; lastKnownFileType = sourcecode.c.objc; path = QBVideoIconView.m; sourceTree = "<group>"; };
		0DA414211B8D533000E78DC0 /* QBVideoIndicatorView.h */ = {isa = PBXFileReference; fileEncoding = 4; lastKnownFileType = sourcecode.c.h; path = QBVideoIndicatorView.h; sourceTree = "<group>"; };
		0DA414221B8D533000E78DC0 /* QBVideoIndicatorView.m */ = {isa = PBXFileReference; fileEncoding = 4; lastKnownFileType = sourcecode.c.objc; path = QBVideoIndicatorView.m; sourceTree = "<group>"; };
		0DA414231B8D533000E78DC0 /* zh-Hans */ = {isa = PBXFileReference; lastKnownFileType = text.plist.strings; name = "zh-Hans"; path = "zh-Hans.lproj/QBImagePicker.strings"; sourceTree = "<group>"; };
		0DB9DCF91B9186EC0062D53E /* PictureManager.h */ = {isa = PBXFileReference; fileEncoding = 4; lastKnownFileType = sourcecode.c.h; path = PictureManager.h; sourceTree = "<group>"; };
		0DB9DCFA1B9186EC0062D53E /* PictureManager.m */ = {isa = PBXFileReference; fileEncoding = 4; lastKnownFileType = sourcecode.c.objc; path = PictureManager.m; sourceTree = "<group>"; };
		0DB9DCFC1B91BE0C0062D53E /* Picture21ViewController.h */ = {isa = PBXFileReference; fileEncoding = 4; lastKnownFileType = sourcecode.c.h; path = Picture21ViewController.h; sourceTree = "<group>"; };
		0DB9DCFD1B91BE0C0062D53E /* Picture21ViewController.m */ = {isa = PBXFileReference; fileEncoding = 4; lastKnownFileType = sourcecode.c.objc; path = Picture21ViewController.m; sourceTree = "<group>"; };
/* End PBXFileReference section */

/* Begin PBXFrameworksBuildPhase section */
		0DA4137B1B8D4D1000E78DC0 /* Frameworks */ = {
			isa = PBXFrameworksBuildPhase;
			buildActionMask = 2147483647;
			files = (
				0D872E821B981A0E004779BC /* AVFoundation.framework in Frameworks */,
			);
			runOnlyForDeploymentPostprocessing = 0;
		};
/* End PBXFrameworksBuildPhase section */

/* Begin PBXGroup section */
		0DA413751B8D4D1000E78DC0 = {
			isa = PBXGroup;
			children = (
				0D0F70CE1B9FDD6F000A53B5 /* drop3.wav */,
				0D0F70CF1B9FDD6F000A53B5 /* drop6.wav */,
				0D0F70D01B9FDD6F000A53B5 /* drop9.wav */,
				0D0F70CC1B9EDA76000A53B5 /* slide.wav */,
				0D872E851B9839F9004779BC /* drop.wav */,
				0D872E811B981A0E004779BC /* AVFoundation.framework */,
				0DA413801B8D4D1000E78DC0 /* Picture21 */,
				0DA4137F1B8D4D1000E78DC0 /* Products */,
			);
			sourceTree = "<group>";
		};
		0DA4137F1B8D4D1000E78DC0 /* Products */ = {
			isa = PBXGroup;
			children = (
				0DA4137E1B8D4D1000E78DC0 /* Picture21.app */,
			);
			name = Products;
			sourceTree = "<group>";
		};
		0DA413801B8D4D1000E78DC0 /* Picture21 */ = {
			isa = PBXGroup;
			children = (
				0DA414081B8D533000E78DC0 /* QBImagePicker */,
				0DA413851B8D4D1000E78DC0 /* AppDelegate.h */,
				0DA413861B8D4D1000E78DC0 /* AppDelegate.m */,
				0DA413881B8D4D1000E78DC0 /* ViewController.h */,
				0DA413891B8D4D1000E78DC0 /* ViewController.m */,
				0D28F1BC1B9550F600A2ED62 /* SlideViewController.h */,
				0D28F1BD1B9550F600A2ED62 /* SlideViewController.m */,
				0D0F70C61B9DA8C2000A53B5 /* SlideViewController2.h */,
				0D0F70C71B9DA8C2000A53B5 /* SlideViewController2.m */,
				0D0F70C91B9DAACE000A53B5 /* SlideViewController3.h */,
				0D0F70CA1B9DAACE000A53B5 /* SlideViewController3.m */,
				0DB9DCF91B9186EC0062D53E /* PictureManager.h */,
				0DB9DCFA1B9186EC0062D53E /* PictureManager.m */,
				0D28F1AD1B943AC200A2ED62 /* ClickButton.h */,
				0D28F1AE1B943AC200A2ED62 /* ClickButton.m */,
				0DA4138B1B8D4D1000E78DC0 /* Main.storyboard */,
				0DA4138E1B8D4D1000E78DC0 /* Images.xcassets */,
				0DA413901B8D4D1000E78DC0 /* LaunchScreen.xib */,
				0DA413811B8D4D1000E78DC0 /* Supporting Files */,
			);
			path = Picture21;
			sourceTree = "<group>";
		};
		0DA413811B8D4D1000E78DC0 /* Supporting Files */ = {
			isa = PBXGroup;
			children = (
				0DA413821B8D4D1000E78DC0 /* Info.plist */,
				0DA413831B8D4D1000E78DC0 /* main.m */,
			);
			name = "Supporting Files";
			sourceTree = "<group>";
		};
		0DA414081B8D533000E78DC0 /* QBImagePicker */ = {
			isa = PBXGroup;
			children = (
				0DA414091B8D533000E78DC0 /* QBImagePicker.strings */,
				0DA4140D1B8D533000E78DC0 /* Info.plist */,
				0DA4140F1B8D533000E78DC0 /* QBAlbumCell.h */,
				0DA414101B8D533000E78DC0 /* QBAlbumCell.m */,
				0DA414111B8D533000E78DC0 /* QBAlbumsViewController.h */,
				0DA414121B8D533000E78DC0 /* QBAlbumsViewController.m */,
				0DA414131B8D533000E78DC0 /* QBAssetCell.h */,
				0DA414141B8D533000E78DC0 /* QBAssetCell.m */,
				0DA414151B8D533000E78DC0 /* QBAssetsViewController.h */,
				0DA414161B8D533000E78DC0 /* QBAssetsViewController.m */,
				0DB9DCFC1B91BE0C0062D53E /* Picture21ViewController.h */,
				0DB9DCFD1B91BE0C0062D53E /* Picture21ViewController.m */,
				0D28F1BF1B95A81900A2ED62 /* Picture1ViewController.h */,
				0D28F1C01B95A81900A2ED62 /* Picture1ViewController.m */,
				0D28F1B01B94486600A2ED62 /* Picture2ViewController.h */,
				0D28F1B11B94486600A2ED62 /* Picture2ViewController.m */,
				0D28F1B31B944D6100A2ED62 /* Picture3ViewController.h */,
				0D28F1B41B944D6100A2ED62 /* Picture3ViewController.m */,
				0D28F1B61B944D7400A2ED62 /* Picture4ViewController.h */,
				0D28F1B71B944D7400A2ED62 /* Picture4ViewController.m */,
				0D872E7A1B97D924004779BC /* Picture5ViewController.h */,
				0D872E7B1B97D924004779BC /* Picture5ViewController.m */,
				0D28F1B91B944D8900A2ED62 /* Picture6ViewController.h */,
				0D28F1BA1B944D8900A2ED62 /* Picture6ViewController.m */,
				0D0F70C01B9D989D000A53B5 /* Picture7ViewController.h */,
				0D0F70C11B9D989D000A53B5 /* Picture7ViewController.m */,
				0D0F70C31B9D98AD000A53B5 /* Picture8ViewController.h */,
				0D0F70C41B9D98AD000A53B5 /* Picture8ViewController.m */,
				0DA414171B8D533000E78DC0 /* QBCheckmarkView.h */,
				0DA414181B8D533000E78DC0 /* QBCheckmarkView.m */,
				0DA414191B8D533000E78DC0 /* QBImagePicker.h */,
				0DA4141A1B8D533000E78DC0 /* QBImagePicker.storyboard */,
				0DA4141B1B8D533000E78DC0 /* QBImagePickerController.h */,
				0DA4141C1B8D533000E78DC0 /* QBImagePickerController.m */,
				0DA4141D1B8D533000E78DC0 /* QBSlomoIconView.h */,
				0DA4141E1B8D533000E78DC0 /* QBSlomoIconView.m */,
				0DA4141F1B8D533000E78DC0 /* QBVideoIconView.h */,
				0DA414201B8D533000E78DC0 /* QBVideoIconView.m */,
				0DA414211B8D533000E78DC0 /* QBVideoIndicatorView.h */,
				0DA414221B8D533000E78DC0 /* QBVideoIndicatorView.m */,
			);
			path = QBImagePicker;
			sourceTree = "<group>";
		};
/* End PBXGroup section */

/* Begin PBXNativeTarget section */
		0DA4137D1B8D4D1000E78DC0 /* Picture21 */ = {
			isa = PBXNativeTarget;
			buildConfigurationList = 0DA413A11B8D4D1100E78DC0 /* Build configuration list for PBXNativeTarget "Picture21" */;
			buildPhases = (
				0DA4137A1B8D4D1000E78DC0 /* Sources */,
				0DA4137B1B8D4D1000E78DC0 /* Frameworks */,
				0DA4137C1B8D4D1000E78DC0 /* Resources */,
			);
			buildRules = (
			);
			dependencies = (
			);
			name = Picture21;
			productName = Picture21;
			productReference = 0DA4137E1B8D4D1000E78DC0 /* Picture21.app */;
			productType = "com.apple.product-type.application";
		};
/* End PBXNativeTarget section */

/* Begin PBXProject section */
		0DA413761B8D4D1000E78DC0 /* Project object */ = {
			isa = PBXProject;
			attributes = {
				LastUpgradeCheck = 0640;
				ORGANIZATIONNAME = semler;
				TargetAttributes = {
					0DA4137D1B8D4D1000E78DC0 = {
						CreatedOnToolsVersion = 6.4;
					};
				};
			};
			buildConfigurationList = 0DA413791B8D4D1000E78DC0 /* Build configuration list for PBXProject "Picture21" */;
			compatibilityVersion = "Xcode 3.2";
			developmentRegion = English;
			hasScannedForEncodings = 0;
			knownRegions = (
				en,
				Base,
				de,
				es,
				ja,
				"zh-Hans",
			);
			mainGroup = 0DA413751B8D4D1000E78DC0;
			productRefGroup = 0DA4137F1B8D4D1000E78DC0 /* Products */;
			projectDirPath = "";
			projectRoot = "";
			targets = (
				0DA4137D1B8D4D1000E78DC0 /* Picture21 */,
			);
		};
/* End PBXProject section */

/* Begin PBXResourcesBuildPhase section */
		0DA4137C1B8D4D1000E78DC0 /* Resources */ = {
			isa = PBXResourcesBuildPhase;
			buildActionMask = 2147483647;
			files = (
				0D0F70D21B9FDD6F000A53B5 /* drop6.wav in Resources */,
				0DA4138D1B8D4D1000E78DC0 /* Main.storyboard in Resources */,
				0D872E861B9839F9004779BC /* drop.wav in Resources */,
				0DA414241B8D533000E78DC0 /* QBImagePicker.strings in Resources */,
				0DA413921B8D4D1000E78DC0 /* LaunchScreen.xib in Resources */,
				0DA414251B8D533000E78DC0 /* Info.plist in Resources */,
				0DA4138F1B8D4D1000E78DC0 /* Images.xcassets in Resources */,
				0D0F70CD1B9EDA76000A53B5 /* slide.wav in Resources */,
				0D0F70D11B9FDD6F000A53B5 /* drop3.wav in Resources */,
				0DA4142B1B8D533000E78DC0 /* QBImagePicker.storyboard in Resources */,
				0D0F70D31B9FDD6F000A53B5 /* drop9.wav in Resources */,
			);
			runOnlyForDeploymentPostprocessing = 0;
		};
/* End PBXResourcesBuildPhase section */

/* Begin PBXSourcesBuildPhase section */
		0DA4137A1B8D4D1000E78DC0 /* Sources */ = {
			isa = PBXSourcesBuildPhase;
			buildActionMask = 2147483647;
			files = (
				0D28F1B81B944D7400A2ED62 /* Picture4ViewController.m in Sources */,
				0D28F1B21B94486600A2ED62 /* Picture2ViewController.m in Sources */,
				0DA414261B8D533000E78DC0 /* QBAlbumCell.m in Sources */,
				0DA414291B8D533000E78DC0 /* QBAssetsViewController.m in Sources */,
				0D0F70C81B9DA8C2000A53B5 /* SlideViewController2.m in Sources */,
				0D28F1C11B95A81900A2ED62 /* Picture1ViewController.m in Sources */,
				0DA4142C1B8D533000E78DC0 /* QBImagePickerController.m in Sources */,
				0D0F70C51B9D98AD000A53B5 /* Picture8ViewController.m in Sources */,
				0DA414271B8D533000E78DC0 /* QBAlbumsViewController.m in Sources */,
				0DA4142A1B8D533000E78DC0 /* QBCheckmarkView.m in Sources */,
				0DA4142D1B8D533000E78DC0 /* QBSlomoIconView.m in Sources */,
				0DA4138A1B8D4D1000E78DC0 /* ViewController.m in Sources */,
				0D28F1BB1B944D8900A2ED62 /* Picture6ViewController.m in Sources */,
				0D28F1B51B944D6100A2ED62 /* Picture3ViewController.m in Sources */,
				0DA4142F1B8D533000E78DC0 /* QBVideoIndicatorView.m in Sources */,
				0D28F1BE1B9550F600A2ED62 /* SlideViewController.m in Sources */,
				0DA414281B8D533000E78DC0 /* QBAssetCell.m in Sources */,
				0DA413871B8D4D1000E78DC0 /* AppDelegate.m in Sources */,
				0DB9DCFB1B9186EC0062D53E /* PictureManager.m in Sources */,
				0D872E7C1B97D924004779BC /* Picture5ViewController.m in Sources */,
				0D0F70CB1B9DAACE000A53B5 /* SlideViewController3.m in Sources */,
				0D28F1AF1B943AC200A2ED62 /* ClickButton.m in Sources */,
				0DA413841B8D4D1000E78DC0 /* main.m in Sources */,
				0DB9DCFE1B91BE0C0062D53E /* Picture21ViewController.m in Sources */,
				0DA4142E1B8D533000E78DC0 /* QBVideoIconView.m in Sources */,
				0D0F70C21B9D989D000A53B5 /* Picture7ViewController.m in Sources */,
			);
			runOnlyForDeploymentPostprocessing = 0;
		};
/* End PBXSourcesBuildPhase section */

/* Begin PBXVariantGroup section */
		0DA4138B1B8D4D1000E78DC0 /* Main.storyboard */ = {
			isa = PBXVariantGroup;
			children = (
				0DA4138C1B8D4D1000E78DC0 /* Base */,
			);
			name = Main.storyboard;
			sourceTree = "<group>";
		};
		0DA413901B8D4D1000E78DC0 /* LaunchScreen.xib */ = {
			isa = PBXVariantGroup;
			children = (
				0DA413911B8D4D1000E78DC0 /* Base */,
			);
			name = LaunchScreen.xib;
			sourceTree = "<group>";
		};
		0DA414091B8D533000E78DC0 /* QBImagePicker.strings */ = {
			isa = PBXVariantGroup;
			children = (
				0DA4140A1B8D533000E78DC0 /* de */,
				0DA4140B1B8D533000E78DC0 /* en */,
				0DA4140C1B8D533000E78DC0 /* es */,
				0DA4140E1B8D533000E78DC0 /* ja */,
				0DA414231B8D533000E78DC0 /* zh-Hans */,
			);
			name = QBImagePicker.strings;
			sourceTree = "<group>";
		};
/* End PBXVariantGroup section */

/* Begin XCBuildConfiguration section */
		0DA4139F1B8D4D1100E78DC0 /* Debug */ = {
			isa = XCBuildConfiguration;
			buildSettings = {
				ALWAYS_SEARCH_USER_PATHS = NO;
				CLANG_CXX_LANGUAGE_STANDARD = "gnu++0x";
				CLANG_CXX_LIBRARY = "libc++";
				CLANG_ENABLE_MODULES = YES;
				CLANG_ENABLE_OBJC_ARC = YES;
				CLANG_WARN_BOOL_CONVERSION = YES;
				CLANG_WARN_CONSTANT_CONVERSION = YES;
				CLANG_WARN_DIRECT_OBJC_ISA_USAGE = YES_ERROR;
				CLANG_WARN_EMPTY_BODY = YES;
				CLANG_WARN_ENUM_CONVERSION = YES;
				CLANG_WARN_INT_CONVERSION = YES;
				CLANG_WARN_OBJC_ROOT_CLASS = YES_ERROR;
				CLANG_WARN_UNREACHABLE_CODE = YES;
				CLANG_WARN__DUPLICATE_METHOD_MATCH = YES;
				"CODE_SIGN_IDENTITY[sdk=iphoneos*]" = "iPhone Developer";
				COPY_PHASE_STRIP = NO;
				DEBUG_INFORMATION_FORMAT = "dwarf-with-dsym";
				ENABLE_STRICT_OBJC_MSGSEND = YES;
				GCC_C_LANGUAGE_STANDARD = gnu99;
				GCC_DYNAMIC_NO_PIC = NO;
				GCC_NO_COMMON_BLOCKS = YES;
				GCC_OPTIMIZATION_LEVEL = 0;
				GCC_PREPROCESSOR_DEFINITIONS = (
					"DEBUG=1",
					"$(inherited)",
				);
				GCC_SYMBOLS_PRIVATE_EXTERN = NO;
				GCC_WARN_64_TO_32_BIT_CONVERSION = YES;
				GCC_WARN_ABOUT_RETURN_TYPE = YES_ERROR;
				GCC_WARN_UNDECLARED_SELECTOR = YES;
				GCC_WARN_UNINITIALIZED_AUTOS = YES_AGGRESSIVE;
				GCC_WARN_UNUSED_FUNCTION = YES;
				GCC_WARN_UNUSED_VARIABLE = YES;
				IPHONEOS_DEPLOYMENT_TARGET = 8.0;
				MTL_ENABLE_DEBUG_INFO = YES;
				ONLY_ACTIVE_ARCH = YES;
				SDKROOT = iphoneos;
				TARGETED_DEVICE_FAMILY = 2;
			};
			name = Debug;
		};
		0DA413A01B8D4D1100E78DC0 /* Release */ = {
			isa = XCBuildConfiguration;
			buildSettings = {
				ALWAYS_SEARCH_USER_PATHS = NO;
				CLANG_CXX_LANGUAGE_STANDARD = "gnu++0x";
				CLANG_CXX_LIBRARY = "libc++";
				CLANG_ENABLE_MODULES = YES;
				CLANG_ENABLE_OBJC_ARC = YES;
				CLANG_WARN_BOOL_CONVERSION = YES;
				CLANG_WARN_CONSTANT_CONVERSION = YES;
				CLANG_WARN_DIRECT_OBJC_ISA_USAGE = YES_ERROR;
				CLANG_WARN_EMPTY_BODY = YES;
				CLANG_WARN_ENUM_CONVERSION = YES;
				CLANG_WARN_INT_CONVERSION = YES;
				CLANG_WARN_OBJC_ROOT_CLASS = YES_ERROR;
				CLANG_WARN_UNREACHABLE_CODE = YES;
				CLANG_WARN__DUPLICATE_METHOD_MATCH = YES;
				"CODE_SIGN_IDENTITY[sdk=iphoneos*]" = "iPhone Developer";
				COPY_PHASE_STRIP = NO;
				DEBUG_INFORMATION_FORMAT = "dwarf-with-dsym";
				ENABLE_NS_ASSERTIONS = NO;
				ENABLE_STRICT_OBJC_MSGSEND = YES;
				GCC_C_LANGUAGE_STANDARD = gnu99;
				GCC_NO_COMMON_BLOCKS = YES;
				GCC_WARN_64_TO_32_BIT_CONVERSION = YES;
				GCC_WARN_ABOUT_RETURN_TYPE = YES_ERROR;
				GCC_WARN_UNDECLARED_SELECTOR = YES;
				GCC_WARN_UNINITIALIZED_AUTOS = YES_AGGRESSIVE;
				GCC_WARN_UNUSED_FUNCTION = YES;
				GCC_WARN_UNUSED_VARIABLE = YES;
				IPHONEOS_DEPLOYMENT_TARGET = 8.0;
				MTL_ENABLE_DEBUG_INFO = NO;
				SDKROOT = iphoneos;
				TARGETED_DEVICE_FAMILY = 2;
				VALIDATE_PRODUCT = YES;
			};
			name = Release;
		};
		0DA413A21B8D4D1100E78DC0 /* Debug */ = {
			isa = XCBuildConfiguration;
			buildSettings = {
				ASSETCATALOG_COMPILER_APPICON_NAME = AppIcon;
				INFOPLIST_FILE = Picture21/Info.plist;
				LD_RUNPATH_SEARCH_PATHS = "$(inherited) @executable_path/Frameworks";
				PRODUCT_NAME = "$(TARGET_NAME)";
				PROVISIONING_PROFILE = "";
			};
			name = Debug;
		};
		0DA413A31B8D4D1100E78DC0 /* Release */ = {
			isa = XCBuildConfiguration;
			buildSettings = {
				ASSETCATALOG_COMPILER_APPICON_NAME = AppIcon;
				"CODE_SIGN_IDENTITY[sdk=iphoneos*]" = "";
				INFOPLIST_FILE = Picture21/Info.plist;
				LD_RUNPATH_SEARCH_PATHS = "$(inherited) @executable_path/Frameworks";
				PRODUCT_NAME = "$(TARGET_NAME)";
				PROVISIONING_PROFILE = "58aafcf2-e5c1-489a-a39b-fae12db92246";
			};
			name = Release;
		};
/* End XCBuildConfiguration section */

/* Begin XCConfigurationList section */
		0DA413791B8D4D1000E78DC0 /* Build configuration list for PBXProject "Picture21" */ = {
			isa = XCConfigurationList;
			buildConfigurations = (
				0DA4139F1B8D4D1100E78DC0 /* Debug */,
				0DA413A01B8D4D1100E78DC0 /* Release */,
			);
			defaultConfigurationIsVisible = 0;
			defaultConfigurationName = Release;
		};
		0DA413A11B8D4D1100E78DC0 /* Build configuration list for PBXNativeTarget "Picture21" */ = {
			isa = XCConfigurationList;
			buildConfigurations = (
				0DA413A21B8D4D1100E78DC0 /* Debug */,
				0DA413A31B8D4D1100E78DC0 /* Release */,
			);
			defaultConfigurationIsVisible = 0;
			defaultConfigurationName = Release;
		};
/* End XCConfigurationList section */
	};
	rootObject = 0DA413761B8D4D1000E78DC0 /* Project object */;
}
